{
  "version": 4,
  "terraform_version": "1.6.4",
  "serial": 369,
  "lineage": "bcce4de2-82a7-0268-26e2-875cab9a6149",
  "outputs": {
    "external_ip_address_vm_1": {
      "value": "178.154.206.83",
      "type": "string"
    },
    "external_ip_address_vm_2": {
      "value": "158.160.85.105",
      "type": "string"
    },
    "internal_ip_address_vm_1": {
      "value": "192.168.0.15",
      "type": "string"
    },
    "internal_ip_address_vm_2": {
      "value": "192.168.0.30",
      "type": "string"
    }
  },
  "resources": [
    {
      "mode": "managed",
      "type": "yandex_compute_instance",
      "name": "vm-1",
      "provider": "provider[\"registry.terraform.io/yandex-cloud/yandex\"]",
      "instances": [
        {
          "schema_version": 1,
          "attributes": {
            "allow_recreate": null,
            "allow_stopping_for_update": true,
            "boot_disk": [
              {
                "auto_delete": true,
                "device_name": "fhm2upc2ahd3va1778jl",
                "disk_id": "fhm2upc2ahd3va1778jl",
                "initialize_params": [
                  {
                    "block_size": 4096,
                    "description": "",
                    "image_id": "fd8clogg1kull9084s9o",
                    "name": "",
                    "size": 8,
                    "snapshot_id": "",
                    "type": "network-hdd"
                  }
                ],
                "mode": "READ_WRITE"
              }
            ],
            "created_at": "2023-12-15T12:42:09Z",
            "description": "",
            "filesystem": [],
            "folder_id": "b1gf3svkds6jltl74on0",
            "fqdn": "vm1.s-lebedev",
            "gpu_cluster_id": "",
            "hostname": "vm1.s-lebedev",
            "id": "fhm46im6q3ccfj7a2ri1",
            "labels": null,
            "local_disk": [],
            "metadata": {
              "user-data": "#cloud-config\nusers:\n    - name: s.lebedev\n      groups: sudo\n      shell: /bin/bash\n      sudo: 'ALL=(ALL) NOPASSWD:ALL'\n      ssh_authorized_keys:\n        - ssh-ed25519 AAAAC3NzaC1lZDI1NTE5AAAAIGJN/6GfqiXQgRSi1uiBai3ED4wN3rJbJhreZ7KEZhKH s.lebedev@HiDevOps\n        - ssh-ed25519 AAAAC3NzaC1lZDI1NTE5AAAAIKvuPgumkQ5zpiT+bWp8T4y1jbBtKRT5QgjQ/KcCtunM s.lebedev@PC1_ITKKT\n        - ssh-ed25519 AAAAC3NzaC1lZDI1NTE5AAAAIOQeXkJohqMJ3hkcyVv7DGHiWTida+N3S0PgX6STXXZs s.lebedev@indep\n        - ssh-ed25519 AAAAC3NzaC1lZDI1NTE5AAAAICqVJ2+xvjtz3wvLgTIkqpfa+eMBUxB2xfyyhAbRVSOD s.lebedev@S1\n"
            },
            "metadata_options": [
              {
                "aws_v1_http_endpoint": 1,
                "aws_v1_http_token": 2,
                "gce_http_endpoint": 1,
                "gce_http_token": 1
              }
            ],
            "name": "vm1",
            "network_acceleration_type": "standard",
            "network_interface": [
              {
                "dns_record": [],
                "index": 0,
                "ip_address": "192.168.0.15",
                "ipv4": true,
                "ipv6": false,
                "ipv6_address": "",
                "ipv6_dns_record": [],
                "mac_address": "d0:0d:43:4a:c6:d0",
                "nat": true,
                "nat_dns_record": [],
                "nat_ip_address": "178.154.206.83",
                "nat_ip_version": "IPV4",
                "security_group_ids": [],
                "subnet_id": "e9brjo9cggnalkoor4e8"
              }
            ],
            "placement_policy": [
              {
                "host_affinity_rules": [],
                "placement_group_id": ""
              }
            ],
            "platform_id": "standard-v2",
            "resources": [
              {
                "core_fraction": 5,
                "cores": 2,
                "gpus": 0,
                "memory": 1
              }
            ],
            "scheduling_policy": [
              {
                "preemptible": true
              }
            ],
            "secondary_disk": [],
            "service_account_id": "",
            "status": "running",
            "timeouts": null,
            "zone": "ru-central1-a"
          },
          "sensitive_attributes": [
            [
              {
                "type": "get_attr",
                "value": "zone"
              }
            ]
          ],
          "private": "eyJlMmJmYjczMC1lY2FhLTExZTYtOGY4OC0zNDM2M2JjN2M0YzAiOnsiY3JlYXRlIjozMDAwMDAwMDAwMDAsImRlbGV0ZSI6MzAwMDAwMDAwMDAwLCJ1cGRhdGUiOjMwMDAwMDAwMDAwMH0sInNjaGVtYV92ZXJzaW9uIjoiMSJ9",
          "dependencies": [
            "yandex_vpc_network.network-vm1",
            "yandex_vpc_subnet.subnet-vm1"
          ]
        }
      ]
    },
    {
      "mode": "managed",
      "type": "yandex_compute_instance",
      "name": "vm-2",
      "provider": "provider[\"registry.terraform.io/yandex-cloud/yandex\"]",
      "instances": [
        {
          "schema_version": 1,
          "attributes": {
            "allow_recreate": null,
            "allow_stopping_for_update": true,
            "boot_disk": [
              {
                "auto_delete": true,
                "device_name": "epdv4t15rehihtpj4dmg",
                "disk_id": "epdv4t15rehihtpj4dmg",
                "initialize_params": [
                  {
                    "block_size": 4096,
                    "description": "",
                    "image_id": "fd8clogg1kull9084s9o",
                    "name": "",
                    "size": 8,
                    "snapshot_id": "",
                    "type": "network-hdd"
                  }
                ],
                "mode": "READ_WRITE"
              }
            ],
            "created_at": "2023-12-15T12:42:10Z",
            "description": "",
            "filesystem": [],
            "folder_id": "b1gf3svkds6jltl74on0",
            "fqdn": "vm2.s-lebedev",
            "gpu_cluster_id": "",
            "hostname": "vm2.s-lebedev",
            "id": "epdu1485uqo4gcahkf6j",
            "labels": null,
            "local_disk": [],
            "metadata": {
              "user-data": "#cloud-config\nusers:\n    - name: s.lebedev\n      groups: sudo\n      shell: /bin/bash\n      sudo: 'ALL=(ALL) NOPASSWD:ALL'\n      ssh_authorized_keys:\n        - ssh-ed25519 AAAAC3NzaC1lZDI1NTE5AAAAIGJN/6GfqiXQgRSi1uiBai3ED4wN3rJbJhreZ7KEZhKH s.lebedev@HiDevOps\n        - ssh-ed25519 AAAAC3NzaC1lZDI1NTE5AAAAIKvuPgumkQ5zpiT+bWp8T4y1jbBtKRT5QgjQ/KcCtunM s.lebedev@PC1_ITKKT\n        - ssh-ed25519 AAAAC3NzaC1lZDI1NTE5AAAAIOQeXkJohqMJ3hkcyVv7DGHiWTida+N3S0PgX6STXXZs s.lebedev@indep\n        - ssh-ed25519 AAAAC3NzaC1lZDI1NTE5AAAAICqVJ2+xvjtz3wvLgTIkqpfa+eMBUxB2xfyyhAbRVSOD s.lebedev@S1\n"
            },
            "metadata_options": [
              {
                "aws_v1_http_endpoint": 1,
                "aws_v1_http_token": 2,
                "gce_http_endpoint": 1,
                "gce_http_token": 1
              }
            ],
            "name": "vm2",
            "network_acceleration_type": "standard",
            "network_interface": [
              {
                "dns_record": [],
                "index": 0,
                "ip_address": "192.168.0.30",
                "ipv4": true,
                "ipv6": false,
                "ipv6_address": "",
                "ipv6_dns_record": [],
                "mac_address": "d0:0d:1e:09:10:5f",
                "nat": true,
                "nat_dns_record": [],
                "nat_ip_address": "158.160.85.105",
                "nat_ip_version": "IPV4",
                "security_group_ids": [],
                "subnet_id": "e2l22gi3vjhokoo587ok"
              }
            ],
            "placement_policy": [
              {
                "host_affinity_rules": [],
                "placement_group_id": ""
              }
            ],
            "platform_id": "standard-v2",
            "resources": [
              {
                "core_fraction": 5,
                "cores": 2,
                "gpus": 0,
                "memory": 1
              }
            ],
            "scheduling_policy": [
              {
                "preemptible": true
              }
            ],
            "secondary_disk": [],
            "service_account_id": "",
            "status": "running",
            "timeouts": null,
            "zone": "ru-central1-b"
          },
          "sensitive_attributes": [
            [
              {
                "type": "get_attr",
                "value": "zone"
              }
            ]
          ],
          "private": "eyJlMmJmYjczMC1lY2FhLTExZTYtOGY4OC0zNDM2M2JjN2M0YzAiOnsiY3JlYXRlIjozMDAwMDAwMDAwMDAsImRlbGV0ZSI6MzAwMDAwMDAwMDAwLCJ1cGRhdGUiOjMwMDAwMDAwMDAwMH0sInNjaGVtYV92ZXJzaW9uIjoiMSJ9",
          "dependencies": [
            "yandex_vpc_network.network-vm2",
            "yandex_vpc_subnet.subnet-vm2"
          ]
        }
      ]
    },
    {
      "mode": "managed",
      "type": "yandex_vpc_network",
      "name": "network-vm1",
      "provider": "provider[\"registry.terraform.io/yandex-cloud/yandex\"]",
      "instances": [
        {
          "schema_version": 0,
          "attributes": {
            "created_at": "2023-12-15T12:42:06Z",
            "default_security_group_id": "enpbvf94mcb4adc52vdi",
            "description": "",
            "folder_id": "b1gf3svkds6jltl74on0",
            "id": "enp7nlio56n11ggrv631",
            "labels": {},
            "name": "network_vm1",
            "subnet_ids": [],
            "timeouts": null
          },
          "sensitive_attributes": [],
          "private": "eyJlMmJmYjczMC1lY2FhLTExZTYtOGY4OC0zNDM2M2JjN2M0YzAiOnsiY3JlYXRlIjo2MDAwMDAwMDAwMCwiZGVsZXRlIjo2MDAwMDAwMDAwMCwidXBkYXRlIjo2MDAwMDAwMDAwMH19"
        }
      ]
    },
    {
      "mode": "managed",
      "type": "yandex_vpc_network",
      "name": "network-vm2",
      "provider": "provider[\"registry.terraform.io/yandex-cloud/yandex\"]",
      "instances": [
        {
          "schema_version": 0,
          "attributes": {
            "created_at": "2023-12-15T12:42:07Z",
            "default_security_group_id": "enptrmkqncd3615e127f",
            "description": "",
            "folder_id": "b1gf3svkds6jltl74on0",
            "id": "enpk5hl6hshhc43nlshj",
            "labels": {},
            "name": "network_vm2",
            "subnet_ids": [],
            "timeouts": null
          },
          "sensitive_attributes": [],
          "private": "eyJlMmJmYjczMC1lY2FhLTExZTYtOGY4OC0zNDM2M2JjN2M0YzAiOnsiY3JlYXRlIjo2MDAwMDAwMDAwMCwiZGVsZXRlIjo2MDAwMDAwMDAwMCwidXBkYXRlIjo2MDAwMDAwMDAwMH19"
        }
      ]
    },
    {
      "mode": "managed",
      "type": "yandex_vpc_subnet",
      "name": "subnet-vm1",
      "provider": "provider[\"registry.terraform.io/yandex-cloud/yandex\"]",
      "instances": [
        {
          "schema_version": 0,
          "attributes": {
            "created_at": "2023-12-15T12:42:08Z",
            "description": "",
            "dhcp_options": [],
            "folder_id": "b1gf3svkds6jltl74on0",
            "id": "e9brjo9cggnalkoor4e8",
            "labels": {},
            "name": "subnet_vm1",
            "network_id": "enp7nlio56n11ggrv631",
            "route_table_id": "",
            "timeouts": null,
            "v4_cidr_blocks": [
              "192.168.0.0/24"
            ],
            "v6_cidr_blocks": [],
            "zone": "ru-central1-a"
          },
          "sensitive_attributes": [
            [
              {
                "type": "get_attr",
                "value": "zone"
              }
            ]
          ],
          "private": "eyJlMmJmYjczMC1lY2FhLTExZTYtOGY4OC0zNDM2M2JjN2M0YzAiOnsiY3JlYXRlIjoxODAwMDAwMDAwMDAsImRlbGV0ZSI6MTgwMDAwMDAwMDAwLCJ1cGRhdGUiOjE4MDAwMDAwMDAwMH19",
          "dependencies": [
            "yandex_vpc_network.network-vm1"
          ]
        }
      ]
    },
    {
      "mode": "managed",
      "type": "yandex_vpc_subnet",
      "name": "subnet-vm2",
      "provider": "provider[\"registry.terraform.io/yandex-cloud/yandex\"]",
      "instances": [
        {
          "schema_version": 0,
          "attributes": {
            "created_at": "2023-12-15T12:42:09Z",
            "description": "",
            "dhcp_options": [],
            "folder_id": "b1gf3svkds6jltl74on0",
            "id": "e2l22gi3vjhokoo587ok",
            "labels": {},
            "name": "subnet_vm2",
            "network_id": "enpk5hl6hshhc43nlshj",
            "route_table_id": "",
            "timeouts": null,
            "v4_cidr_blocks": [
              "192.168.0.0/24"
            ],
            "v6_cidr_blocks": [],
            "zone": "ru-central1-b"
          },
          "sensitive_attributes": [
            [
              {
                "type": "get_attr",
                "value": "zone"
              }
            ]
          ],
          "private": "eyJlMmJmYjczMC1lY2FhLTExZTYtOGY4OC0zNDM2M2JjN2M0YzAiOnsiY3JlYXRlIjoxODAwMDAwMDAwMDAsImRlbGV0ZSI6MTgwMDAwMDAwMDAwLCJ1cGRhdGUiOjE4MDAwMDAwMDAwMH19",
          "dependencies": [
            "yandex_vpc_network.network-vm2"
          ]
        }
      ]
    }
  ],
  "check_results": null
}
