{
  "version": 4,
  "terraform_version": "1.6.4",
  "serial": 18,
  "lineage": "84657ad8-e028-072e-120a-0dad18d89111",
  "outputs": {
    "external_ip_address_vm_1": {
      "value": "51.250.37.226",
      "type": "string"
    },
    "internal_ip_address_vm_1": {
      "value": "192.168.0.23",
      "type": "string"
    }
  },
  "resources": [
    {
      "mode": "managed",
      "type": "yandex_compute_instance",
      "name": "vm-kibana",
      "provider": "provider[\"registry.terraform.io/yandex-cloud/yandex\"]",
      "instances": [
        {
          "schema_version": 1,
          "attributes": {
            "allow_recreate": null,
            "allow_stopping_for_update": true,
            "boot_disk": [
              {
                "auto_delete": true,
                "device_name": "ef3rf4jbfjjshdo79sro",
                "disk_id": "ef3rf4jbfjjshdo79sro",
                "initialize_params": [
                  {
                    "block_size": 4096,
                    "description": "",
                    "image_id": "fd8clogg1kull9084s9o",
                    "name": "",
                    "size": 8,
                    "snapshot_id": "",
                    "type": "network-hdd"
                  }
                ],
                "mode": "READ_WRITE"
              }
            ],
            "created_at": "2023-12-15T17:00:38Z",
            "description": "",
            "filesystem": [],
            "folder_id": "b1gf3svkds6jltl74on0",
            "fqdn": "kibana.s-lebedev",
            "gpu_cluster_id": "",
            "hostname": "kibana.s-lebedev",
            "id": "ef3ii4ket73a6v2ao29v",
            "labels": null,
            "local_disk": [],
            "metadata": {
              "user-data": "#cloud-config\nusers:\n    - name: s.lebedev\n      groups: sudo\n      shell: /bin/bash\n      sudo: 'ALL=(ALL) NOPASSWD:ALL'\n      ssh_authorized_keys:\n        - ssh-ed25519 AAAAC3NzaC1lZDI1NTE5AAAAIGJN/6GfqiXQgRSi1uiBai3ED4wN3rJbJhreZ7KEZhKH s.lebedev@HiDevOps\n        - ssh-ed25519 AAAAC3NzaC1lZDI1NTE5AAAAIKvuPgumkQ5zpiT+bWp8T4y1jbBtKRT5QgjQ/KcCtunM s.lebedev@PC1_ITKKT\n        - ssh-ed25519 AAAAC3NzaC1lZDI1NTE5AAAAIOQeXkJohqMJ3hkcyVv7DGHiWTida+N3S0PgX6STXXZs s.lebedev@indep\n        - ssh-ed25519 AAAAC3NzaC1lZDI1NTE5AAAAICqVJ2+xvjtz3wvLgTIkqpfa+eMBUxB2xfyyhAbRVSOD s.lebedev@S1\n"
            },
            "metadata_options": [
              {
                "aws_v1_http_endpoint": 1,
                "aws_v1_http_token": 2,
                "gce_http_endpoint": 1,
                "gce_http_token": 1
              }
            ],
            "name": "kibana",
            "network_acceleration_type": "standard",
            "network_interface": [
              {
                "dns_record": [],
                "index": 0,
                "ip_address": "192.168.0.23",
                "ipv4": true,
                "ipv6": false,
                "ipv6_address": "",
                "ipv6_dns_record": [],
                "mac_address": "d0:0d:12:91:28:ee",
                "nat": true,
                "nat_dns_record": [],
                "nat_ip_address": "51.250.37.226",
                "nat_ip_version": "IPV4",
                "security_group_ids": [],
                "subnet_id": "b0cbchp21st52pifr74e"
              }
            ],
            "placement_policy": [
              {
                "host_affinity_rules": [],
                "placement_group_id": ""
              }
            ],
            "platform_id": "standard-v2",
            "resources": [
              {
                "core_fraction": 5,
                "cores": 2,
                "gpus": 0,
                "memory": 1
              }
            ],
            "scheduling_policy": [
              {
                "preemptible": true
              }
            ],
            "secondary_disk": [],
            "service_account_id": "",
            "status": "running",
            "timeouts": null,
            "zone": "ru-central1-c"
          },
          "sensitive_attributes": [
            [
              {
                "type": "get_attr",
                "value": "zone"
              }
            ]
          ],
          "private": "eyJlMmJmYjczMC1lY2FhLTExZTYtOGY4OC0zNDM2M2JjN2M0YzAiOnsiY3JlYXRlIjozMDAwMDAwMDAwMDAsImRlbGV0ZSI6MzAwMDAwMDAwMDAwLCJ1cGRhdGUiOjMwMDAwMDAwMDAwMH0sInNjaGVtYV92ZXJzaW9uIjoiMSJ9",
          "dependencies": [
            "yandex_vpc_network.network-kibana",
            "yandex_vpc_subnet.subnet-kibana"
          ]
        }
      ]
    },
    {
      "mode": "managed",
      "type": "yandex_vpc_network",
      "name": "network-kibana",
      "provider": "provider[\"registry.terraform.io/yandex-cloud/yandex\"]",
      "instances": [
        {
          "schema_version": 0,
          "attributes": {
            "created_at": "2023-12-15T16:56:32Z",
            "default_security_group_id": "enplo5pv8o21ic012tkk",
            "description": "",
            "folder_id": "b1gf3svkds6jltl74on0",
            "id": "enpo3nemgtnte4fv6cpl",
            "labels": {},
            "name": "network_kibana",
            "subnet_ids": [
              "e9b6jg3n21no9ftvcdde"
            ],
            "timeouts": null
          },
          "sensitive_attributes": [],
          "private": "eyJlMmJmYjczMC1lY2FhLTExZTYtOGY4OC0zNDM2M2JjN2M0YzAiOnsiY3JlYXRlIjo2MDAwMDAwMDAwMCwiZGVsZXRlIjo2MDAwMDAwMDAwMCwidXBkYXRlIjo2MDAwMDAwMDAwMH19"
        }
      ]
    },
    {
      "mode": "managed",
      "type": "yandex_vpc_subnet",
      "name": "subnet-kibana",
      "provider": "provider[\"registry.terraform.io/yandex-cloud/yandex\"]",
      "instances": [
        {
          "schema_version": 0,
          "attributes": {
            "created_at": "2023-12-15T17:00:37Z",
            "description": "",
            "dhcp_options": [],
            "folder_id": "b1gf3svkds6jltl74on0",
            "id": "b0cbchp21st52pifr74e",
            "labels": {},
            "name": "subnet_kibana",
            "network_id": "enpo3nemgtnte4fv6cpl",
            "route_table_id": "",
            "timeouts": null,
            "v4_cidr_blocks": [
              "192.168.0.0/24"
            ],
            "v6_cidr_blocks": [],
            "zone": "ru-central1-c"
          },
          "sensitive_attributes": [
            [
              {
                "type": "get_attr",
                "value": "zone"
              }
            ]
          ],
          "private": "eyJlMmJmYjczMC1lY2FhLTExZTYtOGY4OC0zNDM2M2JjN2M0YzAiOnsiY3JlYXRlIjoxODAwMDAwMDAwMDAsImRlbGV0ZSI6MTgwMDAwMDAwMDAwLCJ1cGRhdGUiOjE4MDAwMDAwMDAwMH19",
          "dependencies": [
            "yandex_vpc_network.network-kibana"
          ]
        }
      ]
    }
  ],
  "check_results": null
}
