{
  "version": 4,
  "terraform_version": "1.6.4",
  "serial": 366,
  "lineage": "d3e856da-9c83-eedc-2fc9-bb9d6ebaff3c",
  "outputs": {},
  "resources": [
    {
      "mode": "managed",
      "type": "yandex_compute_instance",
      "name": "zabbix",
      "provider": "provider[\"registry.terraform.io/yandex-cloud/yandex\"]",
      "instances": [
        {
          "status": "tainted",
          "schema_version": 1,
          "attributes": {
            "allow_recreate": null,
            "allow_stopping_for_update": true,
            "boot_disk": [
              {
                "auto_delete": true,
                "device_name": "fhm7kljhsis18tc1p1j6",
                "disk_id": "fhm7kljhsis18tc1p1j6",
                "initialize_params": [
                  {
                    "block_size": 4096,
                    "description": "",
                    "image_id": "fd8clogg1kull9084s9o",
                    "name": "",
                    "size": 8,
                    "snapshot_id": "",
                    "type": "network-hdd"
                  }
                ],
                "mode": "READ_WRITE"
              }
            ],
            "created_at": "2023-12-15T13:20:49Z",
            "description": "",
            "filesystem": [],
            "folder_id": "b1gf3svkds6jltl74on0",
            "fqdn": "zabbix.s-lebedev",
            "gpu_cluster_id": "",
            "hostname": "zabbix.s-lebedev",
            "id": "fhmqi63ugi657rd3m6ja",
            "labels": null,
            "local_disk": [],
            "metadata": {
              "user-data": "#cloud-config\nusers:\n    - name: s.lebedev\n      groups: sudo\n      shell: /bin/bash\n      sudo: 'ALL=(ALL) NOPASSWD:ALL'\n      ssh_authorized_keys:\n        - ssh-ed25519 AAAAC3NzaC1lZDI1NTE5AAAAIGJN/6GfqiXQgRSi1uiBai3ED4wN3rJbJhreZ7KEZhKH s.lebedev@HiDevOps\n        - ssh-ed25519 AAAAC3NzaC1lZDI1NTE5AAAAIKvuPgumkQ5zpiT+bWp8T4y1jbBtKRT5QgjQ/KcCtunM s.lebedev@PC1_ITKKT\n        - ssh-ed25519 AAAAC3NzaC1lZDI1NTE5AAAAIOQeXkJohqMJ3hkcyVv7DGHiWTida+N3S0PgX6STXXZs s.lebedev@indep\n        - ssh-ed25519 AAAAC3NzaC1lZDI1NTE5AAAAICqVJ2+xvjtz3wvLgTIkqpfa+eMBUxB2xfyyhAbRVSOD s.lebedev@S1\n"
            },
            "metadata_options": [
              {
                "aws_v1_http_endpoint": 1,
                "aws_v1_http_token": 2,
                "gce_http_endpoint": 1,
                "gce_http_token": 1
              }
            ],
            "name": "zabbix",
            "network_acceleration_type": "standard",
            "network_interface": [
              {
                "dns_record": [],
                "index": 0,
                "ip_address": "192.168.0.15",
                "ipv4": true,
                "ipv6": false,
                "ipv6_address": "",
                "ipv6_dns_record": [],
                "mac_address": "d0:0d:1a:91:87:e8",
                "nat": true,
                "nat_dns_record": [],
                "nat_ip_address": "158.160.126.8",
                "nat_ip_version": "IPV4",
                "security_group_ids": [],
                "subnet_id": "e9bmr7gal496af6t08b8"
              }
            ],
            "placement_policy": [
              {
                "host_affinity_rules": [],
                "placement_group_id": ""
              }
            ],
            "platform_id": "standard-v2",
            "resources": [
              {
                "core_fraction": 5,
                "cores": 2,
                "gpus": 0,
                "memory": 1
              }
            ],
            "scheduling_policy": [
              {
                "preemptible": true
              }
            ],
            "secondary_disk": [],
            "service_account_id": "",
            "status": "running",
            "timeouts": null,
            "zone": "ru-central1-a"
          },
          "sensitive_attributes": [
            [
              {
                "type": "get_attr",
                "value": "zone"
              }
            ]
          ],
          "private": "eyJlMmJmYjczMC1lY2FhLTExZTYtOGY4OC0zNDM2M2JjN2M0YzAiOnsiY3JlYXRlIjozMDAwMDAwMDAwMDAsImRlbGV0ZSI6MzAwMDAwMDAwMDAwLCJ1cGRhdGUiOjMwMDAwMDAwMDAwMH0sInNjaGVtYV92ZXJzaW9uIjoiMSJ9",
          "dependencies": [
            "yandex_vpc_network.network-zabbix",
            "yandex_vpc_subnet.subnet-zabbix"
          ]
        }
      ]
    },
    {
      "mode": "managed",
      "type": "yandex_vpc_network",
      "name": "network-zabbix",
      "provider": "provider[\"registry.terraform.io/yandex-cloud/yandex\"]",
      "instances": [
        {
          "schema_version": 0,
          "attributes": {
            "created_at": "2023-12-15T12:49:25Z",
            "default_security_group_id": "enpi1f63krj68sps4isu",
            "description": "",
            "folder_id": "b1gf3svkds6jltl74on0",
            "id": "enpem4thssked392cpp7",
            "labels": {},
            "name": "network_zabbix",
            "subnet_ids": [
              "e9bmr7gal496af6t08b8"
            ],
            "timeouts": null
          },
          "sensitive_attributes": [],
          "private": "eyJlMmJmYjczMC1lY2FhLTExZTYtOGY4OC0zNDM2M2JjN2M0YzAiOnsiY3JlYXRlIjo2MDAwMDAwMDAwMCwiZGVsZXRlIjo2MDAwMDAwMDAwMCwidXBkYXRlIjo2MDAwMDAwMDAwMH19"
        }
      ]
    },
    {
      "mode": "managed",
      "type": "yandex_vpc_subnet",
      "name": "subnet-zabbix",
      "provider": "provider[\"registry.terraform.io/yandex-cloud/yandex\"]",
      "instances": [
        {
          "schema_version": 0,
          "attributes": {
            "created_at": "2023-12-15T12:49:27Z",
            "description": "",
            "dhcp_options": [],
            "folder_id": "b1gf3svkds6jltl74on0",
            "id": "e9bmr7gal496af6t08b8",
            "labels": {},
            "name": "subnet_zabbix",
            "network_id": "enpem4thssked392cpp7",
            "route_table_id": "",
            "timeouts": null,
            "v4_cidr_blocks": [
              "192.168.0.0/24"
            ],
            "v6_cidr_blocks": [],
            "zone": "ru-central1-a"
          },
          "sensitive_attributes": [
            [
              {
                "type": "get_attr",
                "value": "zone"
              }
            ]
          ],
          "private": "eyJlMmJmYjczMC1lY2FhLTExZTYtOGY4OC0zNDM2M2JjN2M0YzAiOnsiY3JlYXRlIjoxODAwMDAwMDAwMDAsImRlbGV0ZSI6MTgwMDAwMDAwMDAwLCJ1cGRhdGUiOjE4MDAwMDAwMDAwMH19",
          "dependencies": [
            "yandex_vpc_network.network-zabbix"
          ]
        }
      ]
    }
  ],
  "check_results": null
}
